
Microsoft Visual Studio Solution File, Format Version 12.00
# Visual Studio Version 17
VisualStudioVersion = 17.7.34024.191
MinimumVisualStudioVersion = 10.0.40219.1
Project("{FAE04EC0-301F-11D3-BF4B-00C04F79EFBC}") = "stack prøv", "stack prøv\stack prøv.csproj", "{F7573DA1-5DEB-4B94-819D-5A7A4E09BB69}"
EndProject
Global
	GlobalSection(SolutionConfigurationPlatforms) = preSolution
		Debug|Any CPU = Debug|Any CPU
		Release|Any CPU = Release|Any CPU
	EndGlobalSection
	GlobalSection(ProjectConfigurationPlatforms) = postSolution
		{F7573DA1-5DEB-4B94-819D-5A7A4E09BB69}.Debug|Any CPU.ActiveCfg = Debug|Any CPU
		{F7573DA1-5DEB-4B94-819D-5A7A4E09BB69}.Debug|Any CPU.Build.0 = Debug|Any CPU
		{F7573DA1-5DEB-4B94-819D-5A7A4E09BB69}.Release|Any CPU.ActiveCfg = Release|Any CPU
		{F7573DA1-5DEB-4B94-819D-5A7A4E09BB69}.Release|Any CPU.Build.0 = Release|Any CPU
	EndGlobalSection
	GlobalSection(SolutionProperties) = preSolution
		HideSolutionNode = FALSE
	EndGlobalSection
	GlobalSection(ExtensibilityGlobals) = postSolution
		SolutionGuid = {93CA7C54-FE93-4E41-8D2B-B55ED7B61F05}
	EndGlobalSection
EndGlobal
